{
    "requires": true,
    "lockfileVersion": 1,
    "dependencies": {
        "argparse": {
            "version": "1.0.10",
            "resolved": "http://registry.npm.taobao.org/argparse/download/argparse-1.0.10.tgz",
            "integrity": "sha1-vNZ5HqWuCXJeF+WtmIE0zUCz2RE=",
            "requires": {
                "sprintf-js": "1.0.3"
            }
        },
        "entities": {
            "version": "1.1.2",
            "resolved": "http://registry.npm.taobao.org/entities/download/entities-1.1.2.tgz",
            "integrity": "sha1-vfpzUplmTfr9NFKe1PhSKidf6lY="
        },
        "katex": {
            "version": "0.6.0",
            "resolved": "http://registry.npm.taobao.org/katex/download/katex-0.6.0.tgz",
            "integrity": "sha1-EkGOCRIcBckgQbazuftrqyE8tvM=",
            "requires": {
                "match-at": "0.1.1"
            }
        },
        "linkify-it": {
            "version": "2.1.0",
            "resolved": "http://registry.npm.taobao.org/linkify-it/download/linkify-it-2.1.0.tgz",
            "integrity": "sha1-xMrzimzXrCIS7zx9K94wqRVh+ds=",
            "requires": {
                "uc.micro": "1.0.5"
            }
        },
        "markdown-it": {
            "version": "8.4.2",
            "resolved": "http://registry.npm.taobao.org/markdown-it/download/markdown-it-8.4.2.tgz",
            "integrity": "sha1-OG+YmY3BWjdyKqdyIIT0Agvdm1Q=",
            "requires": {
                "argparse": "1.0.10",
                "entities": "1.1.2",
                "linkify-it": "2.1.0",
                "mdurl": "1.0.1",
                "uc.micro": "1.0.5"
            }
        },
        "markdown-it-anchor": {
            "version": "5.0.2",
            "resolved": "http://registry.npm.taobao.org/markdown-it-anchor/download/markdown-it-anchor-5.0.2.tgz",
            "integrity": "sha1-zdkXoFt7+S+3Nqba4zhcbQ0PpVI="
        },
        "markdown-it-katex": {
            "version": "2.0.3",
            "resolved": "http://registry.npm.taobao.org/markdown-it-katex/download/markdown-it-katex-2.0.3.tgz",
            "integrity": "sha1-17hqGuoLnWSW+rTnkZoY/e9YnDk=",
            "requires": {
                "katex": "0.6.0"
            }
        },
        "markdown-it-katex-external": {
            "version": "1.0.0",
            "resolved": "http://registry.npm.taobao.org/markdown-it-katex-external/download/markdown-it-katex-external-1.0.0.tgz",
            "integrity": "sha1-eNF4bZTfhlDgvqef+8Cx8D/XxgY="
        },
        "markdown-it-table-of-contents": {
            "version": "0.4.3",
            "resolved": "http://registry.npm.taobao.org/markdown-it-table-of-contents/download/markdown-it-table-of-contents-0.4.3.tgz",
            "integrity": "sha1-ZFOSWnbkm5s9lWmg2J8cIWi0aYI="
        },
        "match-at": {
            "version": "0.1.1",
            "resolved": "http://registry.npm.taobao.org/match-at/download/match-at-0.1.1.tgz",
            "integrity": "sha1-JdBA0pF3dwTV5lVru3kjDsLeBUA="
        },
        "mdurl": {
            "version": "1.0.1",
            "resolved": "http://registry.npm.taobao.org/mdurl/download/mdurl-1.0.1.tgz",
            "integrity": "sha1-/oWy7HWlkDfyrf7BAP1sYBdhFS4="
        },
        "sprintf-js": {
            "version": "1.0.3",
            "resolved": "http://registry.npm.taobao.org/sprintf-js/download/sprintf-js-1.0.3.tgz",
            "integrity": "sha1-BOaSb2YolTVPPdAVIDYzuFcpfiw="
        },
        "uc.micro": {
            "version": "1.0.5",
            "resolved": "http://registry.npm.taobao.org/uc.micro/download/uc.micro-1.0.5.tgz",
            "integrity": "sha1-DGXxX4FaoItWCmHOi023/8P0U3Y="
        }
    }
}
